
Microsoft Visual Studio Solution File, Format Version 12.00
# Visual Studio 2012
Project("{FAE04EC0-301F-11D3-BF4B-00C04F79EFBC}") = "EmailTester", "EmailTester\EmailTester.csproj", "{70C81737-984F-41CA-A70A-77C25F7B04CC}"
EndProject
Global
	GlobalSection(SolutionConfigurationPlatforms) = preSolution
		Debug|Any CPU = Debug|Any CPU
		Release|Any CPU = Release|Any CPU
	EndGlobalSection
	GlobalSection(ProjectConfigurationPlatforms) = postSolution
		{70C81737-984F-41CA-A70A-77C25F7B04CC}.Debug|Any CPU.ActiveCfg = Debug|Any CPU
		{70C81737-984F-41CA-A70A-77C25F7B04CC}.Debug|Any CPU.Build.0 = Debug|Any CPU
		{70C81737-984F-41CA-A70A-77C25F7B04CC}.Release|Any CPU.ActiveCfg = Release|Any CPU
		{70C81737-984F-41CA-A70A-77C25F7B04CC}.Release|Any CPU.Build.0 = Release|Any CPU
	EndGlobalSection
	GlobalSection(SolutionProperties) = preSolution
		HideSolutionNode = FALSE
	EndGlobalSection
EndGlobal
